lockfileVersion: '9.0'

settings:
  autoInstallPeers: true
  excludeLinksFromLockfile: false

importers:

  .:
    dependencies:
      preact:
        specifier: ^10.28.0
        version: 10.28.0

packages:

  preact@10.28.0:
    resolution: {integrity: sha512-rytDAoiXr3+t6OIP3WGlDd0ouCUG1iCWzkcY3++Nreuoi17y6T5i/zRhe6uYfoVcxq6YU+sBtJouuRDsq8vvqA==}

snapshots:

  preact@10.28.0: {}
